
Microsoft Visual Studio Solution File, Format Version 12.00
# Visual Studio Version 16
VisualStudioVersion = 16.0.32228.343
MinimumVisualStudioVersion = 10.0.40219.1
Project("{FAE04EC0-301F-11D3-BF4B-00C04F79EFBC}") = "Just you wait", "Just you wait\Just you wait.csproj", "{3F7AB259-0568-4E37-9550-7994822B0312}"
EndProject
Project("{FAE04EC0-301F-11D3-BF4B-00C04F79EFBC}") = "JustYouWait.Model", "JustYouWait.Model\JustYouWait.Model.csproj", "{5FF406C5-C8DB-46B5-A2E9-2C1AEB1E0F39}"
EndProject
Project("{FAE04EC0-301F-11D3-BF4B-00C04F79EFBC}") = "JustYouWait.Model.Test", "JustYouWait.Model.Test\JustYouWait.Model.Test.csproj", "{247927E0-AB59-40D1-970C-73815D1AA98B}"
EndProject
Global
	GlobalSection(SolutionConfigurationPlatforms) = preSolution
		Debug|Any CPU = Debug|Any CPU
		Release|Any CPU = Release|Any CPU
	EndGlobalSection
	GlobalSection(ProjectConfigurationPlatforms) = postSolution
		{3F7AB259-0568-4E37-9550-7994822B0312}.Debug|Any CPU.ActiveCfg = Debug|Any CPU
		{3F7AB259-0568-4E37-9550-7994822B0312}.Debug|Any CPU.Build.0 = Debug|Any CPU
		{3F7AB259-0568-4E37-9550-7994822B0312}.Release|Any CPU.ActiveCfg = Release|Any CPU
		{3F7AB259-0568-4E37-9550-7994822B0312}.Release|Any CPU.Build.0 = Release|Any CPU
		{5FF406C5-C8DB-46B5-A2E9-2C1AEB1E0F39}.Debug|Any CPU.ActiveCfg = Debug|Any CPU
		{5FF406C5-C8DB-46B5-A2E9-2C1AEB1E0F39}.Debug|Any CPU.Build.0 = Debug|Any CPU
		{5FF406C5-C8DB-46B5-A2E9-2C1AEB1E0F39}.Release|Any CPU.ActiveCfg = Release|Any CPU
		{5FF406C5-C8DB-46B5-A2E9-2C1AEB1E0F39}.Release|Any CPU.Build.0 = Release|Any CPU
		{247927E0-AB59-40D1-970C-73815D1AA98B}.Debug|Any CPU.ActiveCfg = Debug|Any CPU
		{247927E0-AB59-40D1-970C-73815D1AA98B}.Debug|Any CPU.Build.0 = Debug|Any CPU
		{247927E0-AB59-40D1-970C-73815D1AA98B}.Release|Any CPU.ActiveCfg = Release|Any CPU
		{247927E0-AB59-40D1-970C-73815D1AA98B}.Release|Any CPU.Build.0 = Release|Any CPU
	EndGlobalSection
	GlobalSection(SolutionProperties) = preSolution
		HideSolutionNode = FALSE
	EndGlobalSection
	GlobalSection(ExtensibilityGlobals) = postSolution
		SolutionGuid = {2E935C1C-4317-48B7-BF2D-D7147F77B6DF}
	EndGlobalSection
EndGlobal
